
Microsoft Visual Studio Solution File, Format Version 12.00
# Visual Studio 15
VisualStudioVersion = 15.0.26124.0
MinimumVisualStudioVersion = 15.0.26124.0
Project("{FAE04EC0-301F-11D3-BF4B-00C04F79EFBC}") = "common", "common\common.csproj", "{55B8FF1F-0E93-4847-9063-08D7E67DD81E}"
EndProject
Project("{FAE04EC0-301F-11D3-BF4B-00C04F79EFBC}") = "api", "api\api.csproj", "{CEBD877F-C7BA-4859-8D5F-B967190FDD48}"
EndProject
Project("{FAE04EC0-301F-11D3-BF4B-00C04F79EFBC}") = "test", "test\test.csproj", "{027FB870-6F54-4339-84DD-06E5D6DB6427}"
EndProject
Project("{FAE04EC0-301F-11D3-BF4B-00C04F79EFBC}") = "migrate", "migrate\migrate.csproj", "{70A21447-6492-461B-9D17-583FC5124839}"
EndProject
Project("{FAE04EC0-301F-11D3-BF4B-00C04F79EFBC}") = "identity", "identity\identity.csproj", "{1403559F-C7B7-47F9-A4EA-C59E872AEB16}"
EndProject
Project("{FAE04EC0-301F-11D3-BF4B-00C04F79EFBC}") = "infrastructure", "infrastructure\infrastructure.csproj", "{4247BB2E-F287-45E8-BCCE-A0EA1477574E}"
EndProject
Project("{FAE04EC0-301F-11D3-BF4B-00C04F79EFBC}") = "sharedui", "sharedui\sharedui.csproj", "{D3157AA2-2AFE-4969-B43E-0BA6DEC4C693}"
EndProject
Global
	GlobalSection(SolutionConfigurationPlatforms) = preSolution
		Debug|Any CPU = Debug|Any CPU
		Debug|x64 = Debug|x64
		Debug|x86 = Debug|x86
		Release|Any CPU = Release|Any CPU
		Release|x64 = Release|x64
		Release|x86 = Release|x86
	EndGlobalSection
	GlobalSection(SolutionProperties) = preSolution
		HideSolutionNode = FALSE
	EndGlobalSection
	GlobalSection(ProjectConfigurationPlatforms) = postSolution
		{55B8FF1F-0E93-4847-9063-08D7E67DD81E}.Debug|Any CPU.ActiveCfg = Debug|Any CPU
		{55B8FF1F-0E93-4847-9063-08D7E67DD81E}.Debug|Any CPU.Build.0 = Debug|Any CPU
		{55B8FF1F-0E93-4847-9063-08D7E67DD81E}.Debug|x64.ActiveCfg = Debug|Any CPU
		{55B8FF1F-0E93-4847-9063-08D7E67DD81E}.Debug|x64.Build.0 = Debug|Any CPU
		{55B8FF1F-0E93-4847-9063-08D7E67DD81E}.Debug|x86.ActiveCfg = Debug|Any CPU
		{55B8FF1F-0E93-4847-9063-08D7E67DD81E}.Debug|x86.Build.0 = Debug|Any CPU
		{55B8FF1F-0E93-4847-9063-08D7E67DD81E}.Release|Any CPU.ActiveCfg = Release|Any CPU
		{55B8FF1F-0E93-4847-9063-08D7E67DD81E}.Release|Any CPU.Build.0 = Release|Any CPU
		{55B8FF1F-0E93-4847-9063-08D7E67DD81E}.Release|x64.ActiveCfg = Release|Any CPU
		{55B8FF1F-0E93-4847-9063-08D7E67DD81E}.Release|x64.Build.0 = Release|Any CPU
		{55B8FF1F-0E93-4847-9063-08D7E67DD81E}.Release|x86.ActiveCfg = Release|Any CPU
		{55B8FF1F-0E93-4847-9063-08D7E67DD81E}.Release|x86.Build.0 = Release|Any CPU
		{CEBD877F-C7BA-4859-8D5F-B967190FDD48}.Debug|Any CPU.ActiveCfg = Debug|Any CPU
		{CEBD877F-C7BA-4859-8D5F-B967190FDD48}.Debug|Any CPU.Build.0 = Debug|Any CPU
		{CEBD877F-C7BA-4859-8D5F-B967190FDD48}.Debug|x64.ActiveCfg = Debug|Any CPU
		{CEBD877F-C7BA-4859-8D5F-B967190FDD48}.Debug|x64.Build.0 = Debug|Any CPU
		{CEBD877F-C7BA-4859-8D5F-B967190FDD48}.Debug|x86.ActiveCfg = Debug|Any CPU
		{CEBD877F-C7BA-4859-8D5F-B967190FDD48}.Debug|x86.Build.0 = Debug|Any CPU
		{CEBD877F-C7BA-4859-8D5F-B967190FDD48}.Release|Any CPU.ActiveCfg = Release|Any CPU
		{CEBD877F-C7BA-4859-8D5F-B967190FDD48}.Release|Any CPU.Build.0 = Release|Any CPU
		{CEBD877F-C7BA-4859-8D5F-B967190FDD48}.Release|x64.ActiveCfg = Release|Any CPU
		{CEBD877F-C7BA-4859-8D5F-B967190FDD48}.Release|x64.Build.0 = Release|Any CPU
		{CEBD877F-C7BA-4859-8D5F-B967190FDD48}.Release|x86.ActiveCfg = Release|Any CPU
		{CEBD877F-C7BA-4859-8D5F-B967190FDD48}.Release|x86.Build.0 = Release|Any CPU
		{027FB870-6F54-4339-84DD-06E5D6DB6427}.Debug|Any CPU.ActiveCfg = Debug|Any CPU
		{027FB870-6F54-4339-84DD-06E5D6DB6427}.Debug|Any CPU.Build.0 = Debug|Any CPU
		{027FB870-6F54-4339-84DD-06E5D6DB6427}.Debug|x64.ActiveCfg = Debug|Any CPU
		{027FB870-6F54-4339-84DD-06E5D6DB6427}.Debug|x64.Build.0 = Debug|Any CPU
		{027FB870-6F54-4339-84DD-06E5D6DB6427}.Debug|x86.ActiveCfg = Debug|Any CPU
		{027FB870-6F54-4339-84DD-06E5D6DB6427}.Debug|x86.Build.0 = Debug|Any CPU
		{027FB870-6F54-4339-84DD-06E5D6DB6427}.Release|Any CPU.ActiveCfg = Release|Any CPU
		{027FB870-6F54-4339-84DD-06E5D6DB6427}.Release|Any CPU.Build.0 = Release|Any CPU
		{027FB870-6F54-4339-84DD-06E5D6DB6427}.Release|x64.ActiveCfg = Release|Any CPU
		{027FB870-6F54-4339-84DD-06E5D6DB6427}.Release|x64.Build.0 = Release|Any CPU
		{027FB870-6F54-4339-84DD-06E5D6DB6427}.Release|x86.ActiveCfg = Release|Any CPU
		{027FB870-6F54-4339-84DD-06E5D6DB6427}.Release|x86.Build.0 = Release|Any CPU
		{70A21447-6492-461B-9D17-583FC5124839}.Debug|Any CPU.ActiveCfg = Debug|Any CPU
		{70A21447-6492-461B-9D17-583FC5124839}.Debug|Any CPU.Build.0 = Debug|Any CPU
		{70A21447-6492-461B-9D17-583FC5124839}.Debug|x64.ActiveCfg = Debug|Any CPU
		{70A21447-6492-461B-9D17-583FC5124839}.Debug|x64.Build.0 = Debug|Any CPU
		{70A21447-6492-461B-9D17-583FC5124839}.Debug|x86.ActiveCfg = Debug|Any CPU
		{70A21447-6492-461B-9D17-583FC5124839}.Debug|x86.Build.0 = Debug|Any CPU
		{70A21447-6492-461B-9D17-583FC5124839}.Release|Any CPU.ActiveCfg = Release|Any CPU
		{70A21447-6492-461B-9D17-583FC5124839}.Release|Any CPU.Build.0 = Release|Any CPU
		{70A21447-6492-461B-9D17-583FC5124839}.Release|x64.ActiveCfg = Release|Any CPU
		{70A21447-6492-461B-9D17-583FC5124839}.Release|x64.Build.0 = Release|Any CPU
		{70A21447-6492-461B-9D17-583FC5124839}.Release|x86.ActiveCfg = Release|Any CPU
		{70A21447-6492-461B-9D17-583FC5124839}.Release|x86.Build.0 = Release|Any CPU
		{02ADDA74-C8F8-4F0E-82F7-EC5D01527DE7}.Debug|Any CPU.ActiveCfg = Debug|Any CPU
		{02ADDA74-C8F8-4F0E-82F7-EC5D01527DE7}.Debug|Any CPU.Build.0 = Debug|Any CPU
		{02ADDA74-C8F8-4F0E-82F7-EC5D01527DE7}.Debug|x64.ActiveCfg = Debug|Any CPU
		{02ADDA74-C8F8-4F0E-82F7-EC5D01527DE7}.Debug|x64.Build.0 = Debug|Any CPU
		{02ADDA74-C8F8-4F0E-82F7-EC5D01527DE7}.Debug|x86.ActiveCfg = Debug|Any CPU
		{02ADDA74-C8F8-4F0E-82F7-EC5D01527DE7}.Debug|x86.Build.0 = Debug|Any CPU
		{02ADDA74-C8F8-4F0E-82F7-EC5D01527DE7}.Release|Any CPU.ActiveCfg = Release|Any CPU
		{02ADDA74-C8F8-4F0E-82F7-EC5D01527DE7}.Release|Any CPU.Build.0 = Release|Any CPU
		{02ADDA74-C8F8-4F0E-82F7-EC5D01527DE7}.Release|x64.ActiveCfg = Release|Any CPU
		{02ADDA74-C8F8-4F0E-82F7-EC5D01527DE7}.Release|x64.Build.0 = Release|Any CPU
		{02ADDA74-C8F8-4F0E-82F7-EC5D01527DE7}.Release|x86.ActiveCfg = Release|Any CPU
		{02ADDA74-C8F8-4F0E-82F7-EC5D01527DE7}.Release|x86.Build.0 = Release|Any CPU
		{1403559F-C7B7-47F9-A4EA-C59E872AEB16}.Debug|Any CPU.ActiveCfg = Debug|Any CPU
		{1403559F-C7B7-47F9-A4EA-C59E872AEB16}.Debug|Any CPU.Build.0 = Debug|Any CPU
		{1403559F-C7B7-47F9-A4EA-C59E872AEB16}.Debug|x64.ActiveCfg = Debug|Any CPU
		{1403559F-C7B7-47F9-A4EA-C59E872AEB16}.Debug|x64.Build.0 = Debug|Any CPU
		{1403559F-C7B7-47F9-A4EA-C59E872AEB16}.Debug|x86.ActiveCfg = Debug|Any CPU
		{1403559F-C7B7-47F9-A4EA-C59E872AEB16}.Debug|x86.Build.0 = Debug|Any CPU
		{1403559F-C7B7-47F9-A4EA-C59E872AEB16}.Release|Any CPU.ActiveCfg = Release|Any CPU
		{1403559F-C7B7-47F9-A4EA-C59E872AEB16}.Release|Any CPU.Build.0 = Release|Any CPU
		{1403559F-C7B7-47F9-A4EA-C59E872AEB16}.Release|x64.ActiveCfg = Release|Any CPU
		{1403559F-C7B7-47F9-A4EA-C59E872AEB16}.Release|x64.Build.0 = Release|Any CPU
		{1403559F-C7B7-47F9-A4EA-C59E872AEB16}.Release|x86.ActiveCfg = Release|Any CPU
		{1403559F-C7B7-47F9-A4EA-C59E872AEB16}.Release|x86.Build.0 = Release|Any CPU
		{4247BB2E-F287-45E8-BCCE-A0EA1477574E}.Debug|Any CPU.ActiveCfg = Debug|Any CPU
		{4247BB2E-F287-45E8-BCCE-A0EA1477574E}.Debug|Any CPU.Build.0 = Debug|Any CPU
		{4247BB2E-F287-45E8-BCCE-A0EA1477574E}.Debug|x64.ActiveCfg = Debug|Any CPU
		{4247BB2E-F287-45E8-BCCE-A0EA1477574E}.Debug|x64.Build.0 = Debug|Any CPU
		{4247BB2E-F287-45E8-BCCE-A0EA1477574E}.Debug|x86.ActiveCfg = Debug|Any CPU
		{4247BB2E-F287-45E8-BCCE-A0EA1477574E}.Debug|x86.Build.0 = Debug|Any CPU
		{4247BB2E-F287-45E8-BCCE-A0EA1477574E}.Release|Any CPU.ActiveCfg = Release|Any CPU
		{4247BB2E-F287-45E8-BCCE-A0EA1477574E}.Release|Any CPU.Build.0 = Release|Any CPU
		{4247BB2E-F287-45E8-BCCE-A0EA1477574E}.Release|x64.ActiveCfg = Release|Any CPU
		{4247BB2E-F287-45E8-BCCE-A0EA1477574E}.Release|x64.Build.0 = Release|Any CPU
		{4247BB2E-F287-45E8-BCCE-A0EA1477574E}.Release|x86.ActiveCfg = Release|Any CPU
		{4247BB2E-F287-45E8-BCCE-A0EA1477574E}.Release|x86.Build.0 = Release|Any CPU
		{6B76D8A6-17A5-4141-A1D4-6437130ED997}.Debug|Any CPU.ActiveCfg = Debug|Any CPU
		{6B76D8A6-17A5-4141-A1D4-6437130ED997}.Debug|Any CPU.Build.0 = Debug|Any CPU
		{6B76D8A6-17A5-4141-A1D4-6437130ED997}.Debug|x64.ActiveCfg = Debug|Any CPU
		{6B76D8A6-17A5-4141-A1D4-6437130ED997}.Debug|x64.Build.0 = Debug|Any CPU
		{6B76D8A6-17A5-4141-A1D4-6437130ED997}.Debug|x86.ActiveCfg = Debug|Any CPU
		{6B76D8A6-17A5-4141-A1D4-6437130ED997}.Debug|x86.Build.0 = Debug|Any CPU
		{6B76D8A6-17A5-4141-A1D4-6437130ED997}.Release|Any CPU.ActiveCfg = Release|Any CPU
		{6B76D8A6-17A5-4141-A1D4-6437130ED997}.Release|Any CPU.Build.0 = Release|Any CPU
		{6B76D8A6-17A5-4141-A1D4-6437130ED997}.Release|x64.ActiveCfg = Release|Any CPU
		{6B76D8A6-17A5-4141-A1D4-6437130ED997}.Release|x64.Build.0 = Release|Any CPU
		{6B76D8A6-17A5-4141-A1D4-6437130ED997}.Release|x86.ActiveCfg = Release|Any CPU
		{6B76D8A6-17A5-4141-A1D4-6437130ED997}.Release|x86.Build.0 = Release|Any CPU
		{D3157AA2-2AFE-4969-B43E-0BA6DEC4C693}.Debug|Any CPU.ActiveCfg = Debug|Any CPU
		{D3157AA2-2AFE-4969-B43E-0BA6DEC4C693}.Debug|Any CPU.Build.0 = Debug|Any CPU
		{D3157AA2-2AFE-4969-B43E-0BA6DEC4C693}.Debug|x64.ActiveCfg = Debug|Any CPU
		{D3157AA2-2AFE-4969-B43E-0BA6DEC4C693}.Debug|x64.Build.0 = Debug|Any CPU
		{D3157AA2-2AFE-4969-B43E-0BA6DEC4C693}.Debug|x86.ActiveCfg = Debug|Any CPU
		{D3157AA2-2AFE-4969-B43E-0BA6DEC4C693}.Debug|x86.Build.0 = Debug|Any CPU
		{D3157AA2-2AFE-4969-B43E-0BA6DEC4C693}.Release|Any CPU.ActiveCfg = Release|Any CPU
		{D3157AA2-2AFE-4969-B43E-0BA6DEC4C693}.Release|Any CPU.Build.0 = Release|Any CPU
		{D3157AA2-2AFE-4969-B43E-0BA6DEC4C693}.Release|x64.ActiveCfg = Release|Any CPU
		{D3157AA2-2AFE-4969-B43E-0BA6DEC4C693}.Release|x64.Build.0 = Release|Any CPU
		{D3157AA2-2AFE-4969-B43E-0BA6DEC4C693}.Release|x86.ActiveCfg = Release|Any CPU
		{D3157AA2-2AFE-4969-B43E-0BA6DEC4C693}.Release|x86.Build.0 = Release|Any CPU
	EndGlobalSection
EndGlobal
